<?xml version="1.0" encoding="utf-8"?>
<Project ToolsVersion="4.0" xmlns="http://schemas.microsoft.com/developer/msbuild/2003">
  <ItemGroup>
    <ClInclude Include="FDobject.h" />
    <ClInclude Include="VertexLog\FDvertexlog.h" />
    <ClInclude Include="common\FDtype.h" />
    <ClInclude Include="property\Camera\FDproperty.h" />
    <ClInclude Include="property\Camera\FDlimit.h" />
  </ItemGroup>
  <ItemGroup>
    <ClCompile Include="test\test.cpp" />
    <ClCompile Include="VertexLog\FDvertexlog.cpp" />
    <ClCompile Include="FDobject.cpp" />
    <ClCompile Include="property\Camera\FDproperty.cpp" />
    <ClCompile Include="..\part\FluidumUtils\FluidumFile\FluidumFilePath.cpp">
      <Filter>FluidumUtils</Filter>
    </ClCompile>
  </ItemGroup>
  <ItemGroup>
    <Filter Include="FluidumUtils">
      <UniqueIdentifier>{f756011f-dcaf-4314-9bcb-f0cbdea7955e}</UniqueIdentifier>
    </Filter>
  </ItemGroup>
</Project>